
Microsoft Visual Studio Solution File, Format Version 12.00
# Visual Studio Version 17
VisualStudioVersion = 17.0.31903.59
MinimumVisualStudioVersion = 10.0.40219.1
Project("{2150E333-8FDC-42A3-9474-1A3956D46DE8}") = "src", "src", "{5252DCFC-E5F8-4EA1-B10B-2B3588E08049}"
EndProject
Project("{FAE04EC0-301F-11D3-BF4B-00C04F79EFBC}") = "CloudSOA.Common", "src\CloudSOA.Common\CloudSOA.Common.csproj", "{6B18B587-EFBD-4BA0-B9B4-F9026AB242CF}"
EndProject
Project("{FAE04EC0-301F-11D3-BF4B-00C04F79EFBC}") = "CloudSOA.Broker", "src\CloudSOA.Broker\CloudSOA.Broker.csproj", "{F158DF7B-B9DD-4957-8E04-06D256FF0A8D}"
EndProject
Project("{2150E333-8FDC-42A3-9474-1A3956D46DE8}") = "tests", "tests", "{A5CC47B8-DB2B-4A3F-9340-D6DC2E518D29}"
EndProject
Project("{FAE04EC0-301F-11D3-BF4B-00C04F79EFBC}") = "CloudSOA.Broker.Tests", "tests\CloudSOA.Broker.Tests\CloudSOA.Broker.Tests.csproj", "{580549DF-15BE-4CB7-B816-80731D4AE399}"
EndProject
Project("{FAE04EC0-301F-11D3-BF4B-00C04F79EFBC}") = "CloudSOA.ServiceHost", "src\CloudSOA.ServiceHost\CloudSOA.ServiceHost.csproj", "{7B6AC8CB-51E0-4865-A700-4C5EDB358093}"
EndProject
Project("{FAE04EC0-301F-11D3-BF4B-00C04F79EFBC}") = "CloudSOA.Client", "src\CloudSOA.Client\CloudSOA.Client.csproj", "{573AC852-0424-48BF-ADF4-A400BA8EA67A}"
EndProject
Project("{FAE04EC0-301F-11D3-BF4B-00C04F79EFBC}") = "CloudSOA.ServiceHost.Wcf", "src\CloudSOA.ServiceHost.Wcf\CloudSOA.ServiceHost.Wcf.csproj", "{E095CCF1-6BBB-4825-85AC-8B82D397929A}"
EndProject
Project("{FAE04EC0-301F-11D3-BF4B-00C04F79EFBC}") = "CloudSOA.Portal", "src\CloudSOA.Portal\CloudSOA.Portal.csproj", "{F4082F71-02E6-43BA-9F57-5D1580BD90C7}"
EndProject
Project("{FAE04EC0-301F-11D3-BF4B-00C04F79EFBC}") = "CloudSOA.ServiceManager", "src\CloudSOA.ServiceManager\CloudSOA.ServiceManager.csproj", "{944AA04F-B8E6-43AC-9C66-098831FA4239}"
EndProject
Project("{2150E333-8FDC-42A3-9474-1A3956D46DE8}") = "samples", "samples", "{5D20AA90-6969-D8BD-9DCD-8634F4692FDA}"
EndProject
Project("{FAE04EC0-301F-11D3-BF4B-00C04F79EFBC}") = "CalculatorService", "samples\CalculatorService\CalculatorService.csproj", "{52E9A591-21EA-44E2-A10C-2C199832B7E4}"
EndProject
Project("{FAE04EC0-301F-11D3-BF4B-00C04F79EFBC}") = "CalculatorClient", "samples\CalculatorClient\CalculatorClient.csproj", "{F14B4804-D57C-4E4E-A93E-94C77557B0BE}"
EndProject
Global
	GlobalSection(SolutionConfigurationPlatforms) = preSolution
		Debug|Any CPU = Debug|Any CPU
		Debug|x64 = Debug|x64
		Debug|x86 = Debug|x86
		Release|Any CPU = Release|Any CPU
		Release|x64 = Release|x64
		Release|x86 = Release|x86
	EndGlobalSection
	GlobalSection(ProjectConfigurationPlatforms) = postSolution
		{6B18B587-EFBD-4BA0-B9B4-F9026AB242CF}.Debug|Any CPU.ActiveCfg = Debug|Any CPU
		{6B18B587-EFBD-4BA0-B9B4-F9026AB242CF}.Debug|Any CPU.Build.0 = Debug|Any CPU
		{6B18B587-EFBD-4BA0-B9B4-F9026AB242CF}.Debug|x64.ActiveCfg = Debug|Any CPU
		{6B18B587-EFBD-4BA0-B9B4-F9026AB242CF}.Debug|x64.Build.0 = Debug|Any CPU
		{6B18B587-EFBD-4BA0-B9B4-F9026AB242CF}.Debug|x86.ActiveCfg = Debug|Any CPU
		{6B18B587-EFBD-4BA0-B9B4-F9026AB242CF}.Debug|x86.Build.0 = Debug|Any CPU
		{6B18B587-EFBD-4BA0-B9B4-F9026AB242CF}.Release|Any CPU.ActiveCfg = Release|Any CPU
		{6B18B587-EFBD-4BA0-B9B4-F9026AB242CF}.Release|Any CPU.Build.0 = Release|Any CPU
		{6B18B587-EFBD-4BA0-B9B4-F9026AB242CF}.Release|x64.ActiveCfg = Release|Any CPU
		{6B18B587-EFBD-4BA0-B9B4-F9026AB242CF}.Release|x64.Build.0 = Release|Any CPU
		{6B18B587-EFBD-4BA0-B9B4-F9026AB242CF}.Release|x86.ActiveCfg = Release|Any CPU
		{6B18B587-EFBD-4BA0-B9B4-F9026AB242CF}.Release|x86.Build.0 = Release|Any CPU
		{F158DF7B-B9DD-4957-8E04-06D256FF0A8D}.Debug|Any CPU.ActiveCfg = Debug|Any CPU
		{F158DF7B-B9DD-4957-8E04-06D256FF0A8D}.Debug|Any CPU.Build.0 = Debug|Any CPU
		{F158DF7B-B9DD-4957-8E04-06D256FF0A8D}.Debug|x64.ActiveCfg = Debug|Any CPU
		{F158DF7B-B9DD-4957-8E04-06D256FF0A8D}.Debug|x64.Build.0 = Debug|Any CPU
		{F158DF7B-B9DD-4957-8E04-06D256FF0A8D}.Debug|x86.ActiveCfg = Debug|Any CPU
		{F158DF7B-B9DD-4957-8E04-06D256FF0A8D}.Debug|x86.Build.0 = Debug|Any CPU
		{F158DF7B-B9DD-4957-8E04-06D256FF0A8D}.Release|Any CPU.ActiveCfg = Release|Any CPU
		{F158DF7B-B9DD-4957-8E04-06D256FF0A8D}.Release|Any CPU.Build.0 = Release|Any CPU
		{F158DF7B-B9DD-4957-8E04-06D256FF0A8D}.Release|x64.ActiveCfg = Release|Any CPU
		{F158DF7B-B9DD-4957-8E04-06D256FF0A8D}.Release|x64.Build.0 = Release|Any CPU
		{F158DF7B-B9DD-4957-8E04-06D256FF0A8D}.Release|x86.ActiveCfg = Release|Any CPU
		{F158DF7B-B9DD-4957-8E04-06D256FF0A8D}.Release|x86.Build.0 = Release|Any CPU
		{580549DF-15BE-4CB7-B816-80731D4AE399}.Debug|Any CPU.ActiveCfg = Debug|Any CPU
		{580549DF-15BE-4CB7-B816-80731D4AE399}.Debug|Any CPU.Build.0 = Debug|Any CPU
		{580549DF-15BE-4CB7-B816-80731D4AE399}.Debug|x64.ActiveCfg = Debug|Any CPU
		{580549DF-15BE-4CB7-B816-80731D4AE399}.Debug|x64.Build.0 = Debug|Any CPU
		{580549DF-15BE-4CB7-B816-80731D4AE399}.Debug|x86.ActiveCfg = Debug|Any CPU
		{580549DF-15BE-4CB7-B816-80731D4AE399}.Debug|x86.Build.0 = Debug|Any CPU
		{580549DF-15BE-4CB7-B816-80731D4AE399}.Release|Any CPU.ActiveCfg = Release|Any CPU
		{580549DF-15BE-4CB7-B816-80731D4AE399}.Release|Any CPU.Build.0 = Release|Any CPU
		{580549DF-15BE-4CB7-B816-80731D4AE399}.Release|x64.ActiveCfg = Release|Any CPU
		{580549DF-15BE-4CB7-B816-80731D4AE399}.Release|x64.Build.0 = Release|Any CPU
		{580549DF-15BE-4CB7-B816-80731D4AE399}.Release|x86.ActiveCfg = Release|Any CPU
		{580549DF-15BE-4CB7-B816-80731D4AE399}.Release|x86.Build.0 = Release|Any CPU
		{7B6AC8CB-51E0-4865-A700-4C5EDB358093}.Debug|Any CPU.ActiveCfg = Debug|Any CPU
		{7B6AC8CB-51E0-4865-A700-4C5EDB358093}.Debug|Any CPU.Build.0 = Debug|Any CPU
		{7B6AC8CB-51E0-4865-A700-4C5EDB358093}.Debug|x64.ActiveCfg = Debug|Any CPU
		{7B6AC8CB-51E0-4865-A700-4C5EDB358093}.Debug|x64.Build.0 = Debug|Any CPU
		{7B6AC8CB-51E0-4865-A700-4C5EDB358093}.Debug|x86.ActiveCfg = Debug|Any CPU
		{7B6AC8CB-51E0-4865-A700-4C5EDB358093}.Debug|x86.Build.0 = Debug|Any CPU
		{7B6AC8CB-51E0-4865-A700-4C5EDB358093}.Release|Any CPU.ActiveCfg = Release|Any CPU
		{7B6AC8CB-51E0-4865-A700-4C5EDB358093}.Release|Any CPU.Build.0 = Release|Any CPU
		{7B6AC8CB-51E0-4865-A700-4C5EDB358093}.Release|x64.ActiveCfg = Release|Any CPU
		{7B6AC8CB-51E0-4865-A700-4C5EDB358093}.Release|x64.Build.0 = Release|Any CPU
		{7B6AC8CB-51E0-4865-A700-4C5EDB358093}.Release|x86.ActiveCfg = Release|Any CPU
		{7B6AC8CB-51E0-4865-A700-4C5EDB358093}.Release|x86.Build.0 = Release|Any CPU
		{573AC852-0424-48BF-ADF4-A400BA8EA67A}.Debug|Any CPU.ActiveCfg = Debug|Any CPU
		{573AC852-0424-48BF-ADF4-A400BA8EA67A}.Debug|Any CPU.Build.0 = Debug|Any CPU
		{573AC852-0424-48BF-ADF4-A400BA8EA67A}.Debug|x64.ActiveCfg = Debug|Any CPU
		{573AC852-0424-48BF-ADF4-A400BA8EA67A}.Debug|x64.Build.0 = Debug|Any CPU
		{573AC852-0424-48BF-ADF4-A400BA8EA67A}.Debug|x86.ActiveCfg = Debug|Any CPU
		{573AC852-0424-48BF-ADF4-A400BA8EA67A}.Debug|x86.Build.0 = Debug|Any CPU
		{573AC852-0424-48BF-ADF4-A400BA8EA67A}.Release|Any CPU.ActiveCfg = Release|Any CPU
		{573AC852-0424-48BF-ADF4-A400BA8EA67A}.Release|Any CPU.Build.0 = Release|Any CPU
		{573AC852-0424-48BF-ADF4-A400BA8EA67A}.Release|x64.ActiveCfg = Release|Any CPU
		{573AC852-0424-48BF-ADF4-A400BA8EA67A}.Release|x64.Build.0 = Release|Any CPU
		{573AC852-0424-48BF-ADF4-A400BA8EA67A}.Release|x86.ActiveCfg = Release|Any CPU
		{573AC852-0424-48BF-ADF4-A400BA8EA67A}.Release|x86.Build.0 = Release|Any CPU
		{E095CCF1-6BBB-4825-85AC-8B82D397929A}.Debug|Any CPU.ActiveCfg = Debug|Any CPU
		{E095CCF1-6BBB-4825-85AC-8B82D397929A}.Debug|Any CPU.Build.0 = Debug|Any CPU
		{E095CCF1-6BBB-4825-85AC-8B82D397929A}.Debug|x64.ActiveCfg = Debug|Any CPU
		{E095CCF1-6BBB-4825-85AC-8B82D397929A}.Debug|x64.Build.0 = Debug|Any CPU
		{E095CCF1-6BBB-4825-85AC-8B82D397929A}.Debug|x86.ActiveCfg = Debug|Any CPU
		{E095CCF1-6BBB-4825-85AC-8B82D397929A}.Debug|x86.Build.0 = Debug|Any CPU
		{E095CCF1-6BBB-4825-85AC-8B82D397929A}.Release|Any CPU.ActiveCfg = Release|Any CPU
		{E095CCF1-6BBB-4825-85AC-8B82D397929A}.Release|Any CPU.Build.0 = Release|Any CPU
		{E095CCF1-6BBB-4825-85AC-8B82D397929A}.Release|x64.ActiveCfg = Release|Any CPU
		{E095CCF1-6BBB-4825-85AC-8B82D397929A}.Release|x64.Build.0 = Release|Any CPU
		{E095CCF1-6BBB-4825-85AC-8B82D397929A}.Release|x86.ActiveCfg = Release|Any CPU
		{E095CCF1-6BBB-4825-85AC-8B82D397929A}.Release|x86.Build.0 = Release|Any CPU
		{F4082F71-02E6-43BA-9F57-5D1580BD90C7}.Debug|Any CPU.ActiveCfg = Debug|Any CPU
		{F4082F71-02E6-43BA-9F57-5D1580BD90C7}.Debug|Any CPU.Build.0 = Debug|Any CPU
		{F4082F71-02E6-43BA-9F57-5D1580BD90C7}.Debug|x64.ActiveCfg = Debug|Any CPU
		{F4082F71-02E6-43BA-9F57-5D1580BD90C7}.Debug|x64.Build.0 = Debug|Any CPU
		{F4082F71-02E6-43BA-9F57-5D1580BD90C7}.Debug|x86.ActiveCfg = Debug|Any CPU
		{F4082F71-02E6-43BA-9F57-5D1580BD90C7}.Debug|x86.Build.0 = Debug|Any CPU
		{F4082F71-02E6-43BA-9F57-5D1580BD90C7}.Release|Any CPU.ActiveCfg = Release|Any CPU
		{F4082F71-02E6-43BA-9F57-5D1580BD90C7}.Release|Any CPU.Build.0 = Release|Any CPU
		{F4082F71-02E6-43BA-9F57-5D1580BD90C7}.Release|x64.ActiveCfg = Release|Any CPU
		{F4082F71-02E6-43BA-9F57-5D1580BD90C7}.Release|x64.Build.0 = Release|Any CPU
		{F4082F71-02E6-43BA-9F57-5D1580BD90C7}.Release|x86.ActiveCfg = Release|Any CPU
		{F4082F71-02E6-43BA-9F57-5D1580BD90C7}.Release|x86.Build.0 = Release|Any CPU
		{944AA04F-B8E6-43AC-9C66-098831FA4239}.Debug|Any CPU.ActiveCfg = Debug|Any CPU
		{944AA04F-B8E6-43AC-9C66-098831FA4239}.Debug|Any CPU.Build.0 = Debug|Any CPU
		{944AA04F-B8E6-43AC-9C66-098831FA4239}.Debug|x64.ActiveCfg = Debug|Any CPU
		{944AA04F-B8E6-43AC-9C66-098831FA4239}.Debug|x64.Build.0 = Debug|Any CPU
		{944AA04F-B8E6-43AC-9C66-098831FA4239}.Debug|x86.ActiveCfg = Debug|Any CPU
		{944AA04F-B8E6-43AC-9C66-098831FA4239}.Debug|x86.Build.0 = Debug|Any CPU
		{944AA04F-B8E6-43AC-9C66-098831FA4239}.Release|Any CPU.ActiveCfg = Release|Any CPU
		{944AA04F-B8E6-43AC-9C66-098831FA4239}.Release|Any CPU.Build.0 = Release|Any CPU
		{944AA04F-B8E6-43AC-9C66-098831FA4239}.Release|x64.ActiveCfg = Release|Any CPU
		{944AA04F-B8E6-43AC-9C66-098831FA4239}.Release|x64.Build.0 = Release|Any CPU
		{944AA04F-B8E6-43AC-9C66-098831FA4239}.Release|x86.ActiveCfg = Release|Any CPU
		{944AA04F-B8E6-43AC-9C66-098831FA4239}.Release|x86.Build.0 = Release|Any CPU
		{52E9A591-21EA-44E2-A10C-2C199832B7E4}.Debug|Any CPU.ActiveCfg = Debug|Any CPU
		{52E9A591-21EA-44E2-A10C-2C199832B7E4}.Debug|Any CPU.Build.0 = Debug|Any CPU
		{52E9A591-21EA-44E2-A10C-2C199832B7E4}.Debug|x64.ActiveCfg = Debug|Any CPU
		{52E9A591-21EA-44E2-A10C-2C199832B7E4}.Debug|x64.Build.0 = Debug|Any CPU
		{52E9A591-21EA-44E2-A10C-2C199832B7E4}.Debug|x86.ActiveCfg = Debug|Any CPU
		{52E9A591-21EA-44E2-A10C-2C199832B7E4}.Debug|x86.Build.0 = Debug|Any CPU
		{52E9A591-21EA-44E2-A10C-2C199832B7E4}.Release|Any CPU.ActiveCfg = Release|Any CPU
		{52E9A591-21EA-44E2-A10C-2C199832B7E4}.Release|Any CPU.Build.0 = Release|Any CPU
		{52E9A591-21EA-44E2-A10C-2C199832B7E4}.Release|x64.ActiveCfg = Release|Any CPU
		{52E9A591-21EA-44E2-A10C-2C199832B7E4}.Release|x64.Build.0 = Release|Any CPU
		{52E9A591-21EA-44E2-A10C-2C199832B7E4}.Release|x86.ActiveCfg = Release|Any CPU
		{52E9A591-21EA-44E2-A10C-2C199832B7E4}.Release|x86.Build.0 = Release|Any CPU
		{F14B4804-D57C-4E4E-A93E-94C77557B0BE}.Debug|Any CPU.ActiveCfg = Debug|Any CPU
		{F14B4804-D57C-4E4E-A93E-94C77557B0BE}.Debug|Any CPU.Build.0 = Debug|Any CPU
		{F14B4804-D57C-4E4E-A93E-94C77557B0BE}.Debug|x64.ActiveCfg = Debug|Any CPU
		{F14B4804-D57C-4E4E-A93E-94C77557B0BE}.Debug|x64.Build.0 = Debug|Any CPU
		{F14B4804-D57C-4E4E-A93E-94C77557B0BE}.Debug|x86.ActiveCfg = Debug|Any CPU
		{F14B4804-D57C-4E4E-A93E-94C77557B0BE}.Debug|x86.Build.0 = Debug|Any CPU
		{F14B4804-D57C-4E4E-A93E-94C77557B0BE}.Release|Any CPU.ActiveCfg = Release|Any CPU
		{F14B4804-D57C-4E4E-A93E-94C77557B0BE}.Release|Any CPU.Build.0 = Release|Any CPU
		{F14B4804-D57C-4E4E-A93E-94C77557B0BE}.Release|x64.ActiveCfg = Release|Any CPU
		{F14B4804-D57C-4E4E-A93E-94C77557B0BE}.Release|x64.Build.0 = Release|Any CPU
		{F14B4804-D57C-4E4E-A93E-94C77557B0BE}.Release|x86.ActiveCfg = Release|Any CPU
		{F14B4804-D57C-4E4E-A93E-94C77557B0BE}.Release|x86.Build.0 = Release|Any CPU
	EndGlobalSection
	GlobalSection(SolutionProperties) = preSolution
		HideSolutionNode = FALSE
	EndGlobalSection
	GlobalSection(NestedProjects) = preSolution
		{6B18B587-EFBD-4BA0-B9B4-F9026AB242CF} = {5252DCFC-E5F8-4EA1-B10B-2B3588E08049}
		{F158DF7B-B9DD-4957-8E04-06D256FF0A8D} = {5252DCFC-E5F8-4EA1-B10B-2B3588E08049}
		{580549DF-15BE-4CB7-B816-80731D4AE399} = {A5CC47B8-DB2B-4A3F-9340-D6DC2E518D29}
		{7B6AC8CB-51E0-4865-A700-4C5EDB358093} = {5252DCFC-E5F8-4EA1-B10B-2B3588E08049}
		{573AC852-0424-48BF-ADF4-A400BA8EA67A} = {5252DCFC-E5F8-4EA1-B10B-2B3588E08049}
		{E095CCF1-6BBB-4825-85AC-8B82D397929A} = {5252DCFC-E5F8-4EA1-B10B-2B3588E08049}
		{F4082F71-02E6-43BA-9F57-5D1580BD90C7} = {5252DCFC-E5F8-4EA1-B10B-2B3588E08049}
		{944AA04F-B8E6-43AC-9C66-098831FA4239} = {5252DCFC-E5F8-4EA1-B10B-2B3588E08049}
		{52E9A591-21EA-44E2-A10C-2C199832B7E4} = {5D20AA90-6969-D8BD-9DCD-8634F4692FDA}
		{F14B4804-D57C-4E4E-A93E-94C77557B0BE} = {5D20AA90-6969-D8BD-9DCD-8634F4692FDA}
	EndGlobalSection
EndGlobal
